Microsoft Visual Studio Solution File, Format Version 11.00
# Visual Studio 2010
Project("{8BC9CEB8-8B4A-11D0-8D11-00A0C91BC942}") = "js2c", "js2c.vcxproj", "{C753B30A-4DE4-4C1F-D56B-E9F01E48C9A0}"
EndProject
Project("{8BC9CEB8-8B4A-11D0-8D11-00A0C91BC942}") = "mksnapshot", "mksnapshot.vcxproj", "{EEA05A02-F218-260A-6B7F-12B9ED8300C7}"
	ProjectSection(ProjectDependencies) = postProject
		{3075CA3E-9020-4D1B-13C2-8E054451BFB0} = {3075CA3E-9020-4D1B-13C2-8E054451BFB0}
		{9E2708CD-8F5A-DEA0-C033-1B5B86A8E7F9} = {9E2708CD-8F5A-DEA0-C033-1B5B86A8E7F9}
		{C753B30A-4DE4-4C1F-D56B-E9F01E48C9A0} = {C753B30A-4DE4-4C1F-D56B-E9F01E48C9A0}
	EndProjectSection
EndProject
Project("{8BC9CEB8-8B4A-11D0-8D11-00A0C91BC942}") = "preparser_lib", "preparser_lib.vcxproj", "{072F1EDE-D1B6-42D9-7CB2-984D5000E7B3}"
EndProject
Project("{8BC9CEB8-8B4A-11D0-8D11-00A0C91BC942}") = "v8", "v8.vcxproj", "{C3D2E609-B3AD-291A-C80A-C247F0EAABCA}"
	ProjectSection(ProjectDependencies) = postProject
		{377AEC1B-F709-5312-5C93-4AB2003DBC32} = {377AEC1B-F709-5312-5C93-4AB2003DBC32}
	EndProjectSection
EndProject
Project("{8BC9CEB8-8B4A-11D0-8D11-00A0C91BC942}") = "v8_base", "v8_base.vcxproj", "{3075CA3E-9020-4D1B-13C2-8E054451BFB0}"
EndProject
Project("{8BC9CEB8-8B4A-11D0-8D11-00A0C91BC942}") = "v8_nosnapshot", "v8_nosnapshot.vcxproj", "{9E2708CD-8F5A-DEA0-C033-1B5B86A8E7F9}"
	ProjectSection(ProjectDependencies) = postProject
		{C753B30A-4DE4-4C1F-D56B-E9F01E48C9A0} = {C753B30A-4DE4-4C1F-D56B-E9F01E48C9A0}
	EndProjectSection
EndProject
Project("{8BC9CEB8-8B4A-11D0-8D11-00A0C91BC942}") = "v8_shell", "v8_shell.vcxproj", "{4E72D5CB-7904-3F0A-93C4-9ECAA19AEA2C}"
	ProjectSection(ProjectDependencies) = postProject
		{C3D2E609-B3AD-291A-C80A-C247F0EAABCA} = {C3D2E609-B3AD-291A-C80A-C247F0EAABCA}
		{377AEC1B-F709-5312-5C93-4AB2003DBC32} = {377AEC1B-F709-5312-5C93-4AB2003DBC32}
		{3075CA3E-9020-4D1B-13C2-8E054451BFB0} = {3075CA3E-9020-4D1B-13C2-8E054451BFB0}
		{C753B30A-4DE4-4C1F-D56B-E9F01E48C9A0} = {C753B30A-4DE4-4C1F-D56B-E9F01E48C9A0}
	EndProjectSection
EndProject
Project("{8BC9CEB8-8B4A-11D0-8D11-00A0C91BC942}") = "v8_snapshot", "v8_snapshot.vcxproj", "{377AEC1B-F709-5312-5C93-4AB2003DBC32}"
	ProjectSection(ProjectDependencies) = postProject
		{EEA05A02-F218-260A-6B7F-12B9ED8300C7} = {EEA05A02-F218-260A-6B7F-12B9ED8300C7}
		{C753B30A-4DE4-4C1F-D56B-E9F01E48C9A0} = {C753B30A-4DE4-4C1F-D56B-E9F01E48C9A0}
	EndProjectSection
EndProject
Global
	GlobalSection(SolutionConfigurationPlatforms) = preSolution
		Debug|Win32 = Debug|Win32
		Release|Win32 = Release|Win32
	EndGlobalSection
	GlobalSection(ProjectConfigurationPlatforms) = postSolution
		{072F1EDE-D1B6-42D9-7CB2-984D5000E7B3}.Debug|Win32.ActiveCfg = Debug|Win32
		{072F1EDE-D1B6-42D9-7CB2-984D5000E7B3}.Debug|Win32.Build.0 = Debug|Win32
		{072F1EDE-D1B6-42D9-7CB2-984D5000E7B3}.Release|Win32.ActiveCfg = Release|Win32
		{072F1EDE-D1B6-42D9-7CB2-984D5000E7B3}.Release|Win32.Build.0 = Release|Win32
		{3075CA3E-9020-4D1B-13C2-8E054451BFB0}.Debug|Win32.ActiveCfg = Debug|Win32
		{3075CA3E-9020-4D1B-13C2-8E054451BFB0}.Debug|Win32.Build.0 = Debug|Win32
		{3075CA3E-9020-4D1B-13C2-8E054451BFB0}.Release|Win32.ActiveCfg = Release|Win32
		{3075CA3E-9020-4D1B-13C2-8E054451BFB0}.Release|Win32.Build.0 = Release|Win32
		{377AEC1B-F709-5312-5C93-4AB2003DBC32}.Debug|Win32.ActiveCfg = Debug|Win32
		{377AEC1B-F709-5312-5C93-4AB2003DBC32}.Debug|Win32.Build.0 = Debug|Win32
		{377AEC1B-F709-5312-5C93-4AB2003DBC32}.Release|Win32.ActiveCfg = Release|Win32
		{377AEC1B-F709-5312-5C93-4AB2003DBC32}.Release|Win32.Build.0 = Release|Win32
		{4E72D5CB-7904-3F0A-93C4-9ECAA19AEA2C}.Debug|Win32.ActiveCfg = Debug|Win32
		{4E72D5CB-7904-3F0A-93C4-9ECAA19AEA2C}.Debug|Win32.Build.0 = Debug|Win32
		{4E72D5CB-7904-3F0A-93C4-9ECAA19AEA2C}.Release|Win32.ActiveCfg = Release|Win32
		{4E72D5CB-7904-3F0A-93C4-9ECAA19AEA2C}.Release|Win32.Build.0 = Release|Win32
		{9E2708CD-8F5A-DEA0-C033-1B5B86A8E7F9}.Debug|Win32.ActiveCfg = Debug|Win32
		{9E2708CD-8F5A-DEA0-C033-1B5B86A8E7F9}.Debug|Win32.Build.0 = Debug|Win32
		{9E2708CD-8F5A-DEA0-C033-1B5B86A8E7F9}.Release|Win32.ActiveCfg = Release|Win32
		{9E2708CD-8F5A-DEA0-C033-1B5B86A8E7F9}.Release|Win32.Build.0 = Release|Win32
		{C3D2E609-B3AD-291A-C80A-C247F0EAABCA}.Debug|Win32.ActiveCfg = Debug|Win32
		{C3D2E609-B3AD-291A-C80A-C247F0EAABCA}.Debug|Win32.Build.0 = Debug|Win32
		{C3D2E609-B3AD-291A-C80A-C247F0EAABCA}.Release|Win32.ActiveCfg = Release|Win32
		{C3D2E609-B3AD-291A-C80A-C247F0EAABCA}.Release|Win32.Build.0 = Release|Win32
		{C753B30A-4DE4-4C1F-D56B-E9F01E48C9A0}.Debug|Win32.ActiveCfg = Debug|Win32
		{C753B30A-4DE4-4C1F-D56B-E9F01E48C9A0}.Debug|Win32.Build.0 = Debug|Win32
		{C753B30A-4DE4-4C1F-D56B-E9F01E48C9A0}.Release|Win32.ActiveCfg = Release|Win32
		{C753B30A-4DE4-4C1F-D56B-E9F01E48C9A0}.Release|Win32.Build.0 = Release|Win32
		{EEA05A02-F218-260A-6B7F-12B9ED8300C7}.Debug|Win32.ActiveCfg = Debug|Win32
		{EEA05A02-F218-260A-6B7F-12B9ED8300C7}.Debug|Win32.Build.0 = Debug|Win32
		{EEA05A02-F218-260A-6B7F-12B9ED8300C7}.Release|Win32.ActiveCfg = Release|Win32
		{EEA05A02-F218-260A-6B7F-12B9ED8300C7}.Release|Win32.Build.0 = Release|Win32
	EndGlobalSection
	GlobalSection(SolutionProperties) = preSolution
		HideSolutionNode = FALSE
	EndGlobalSection
	GlobalSection(NestedProjects) = preSolution
	EndGlobalSection
EndGlobal
